
Microsoft Visual Studio Solution File, Format Version 12.00
# Visual Studio 14
VisualStudioVersion = 14.0.25420.1
MinimumVisualStudioVersion = 10.0.40219.1
Project("{8BC9CEB8-8B4A-11D0-8D11-00A0C91BC942}") = "EffekseerForMMD", "EffekseerForMMD\EffekseerForMMD.vcxproj", "{9FFFF843-51F6-495F-A0A4-9F24ECA1727C}"
EndProject
Global
	GlobalSection(SolutionConfigurationPlatforms) = preSolution
		Debug|x64 = Debug|x64
		Release|x64 = Release|x64
	EndGlobalSection
	GlobalSection(ProjectConfigurationPlatforms) = postSolution
		{9FFFF843-51F6-495F-A0A4-9F24ECA1727C}.Debug|x64.ActiveCfg = Debug|x64
		{9FFFF843-51F6-495F-A0A4-9F24ECA1727C}.Debug|x64.Build.0 = Debug|x64
		{9FFFF843-51F6-495F-A0A4-9F24ECA1727C}.Release|x64.ActiveCfg = Release|x64
		{9FFFF843-51F6-495F-A0A4-9F24ECA1727C}.Release|x64.Build.0 = Release|x64
		{297ACE9E-98BF-4618-96AD-6D602F9E9710}.Debug|x64.ActiveCfg = Release|x64
		{297ACE9E-98BF-4618-96AD-6D602F9E9710}.Release|x64.ActiveCfg = Release|x64
	EndGlobalSection
	GlobalSection(SolutionProperties) = preSolution
		HideSolutionNode = FALSE
	EndGlobalSection
EndGlobal
